// !$*UTF8*$!
{
	archiveVersion = 1;
	classes = {
	};
	objectVersion = 50;
	objects = {

/* Begin PBXBuildFile section */
		7EEB32C720D6C68100E32B3C /* AppDelegate.swift in Sources */ = {isa = PBXBuildFile; fileRef = 7EEB32C620D6C68100E32B3C /* AppDelegate.swift */; };
		7EEB32C920D6C68100E32B3C /* ViewController.swift in Sources */ = {isa = PBXBuildFile; fileRef = 7EEB32C820D6C68100E32B3C /* ViewController.swift */; };
		7EEB32CC20D6C68100E32B3C /* Main.storyboard in Resources */ = {isa = PBXBuildFile; fileRef = 7EEB32CA20D6C68100E32B3C /* Main.storyboard */; };
		7EEB32CE20D6C68400E32B3C /* Assets.xcassets in Resources */ = {isa = PBXBuildFile; fileRef = 7EEB32CD20D6C68400E32B3C /* Assets.xcassets */; };
		7EEB32D120D6C68400E32B3C /* LaunchScreen.storyboard in Resources */ = {isa = PBXBuildFile; fileRef = 7EEB32CF20D6C68400E32B3C /* LaunchScreen.storyboard */; };
		7EEB32DC20D6C68400E32B3C /* myPicoloTests.swift in Sources */ = {isa = PBXBuildFile; fileRef = 7EEB32DB20D6C68400E32B3C /* myPicoloTests.swift */; };
		7EEB32E720D6C68400E32B3C /* myPicoloUITests.swift in Sources */ = {isa = PBXBuildFile; fileRef = 7EEB32E620D6C68400E32B3C /* myPicoloUITests.swift */; };
/* End PBXBuildFile section */

/* Begin PBXContainerItemProxy section */
		7EEB32D820D6C68400E32B3C /* PBXContainerItemProxy */ = {
			isa = PBXContainerItemProxy;
			containerPortal = 7EEB32BB20D6C68100E32B3C /* Project object */;
			proxyType = 1;
			remoteGlobalIDString = 7EEB32C220D6C68100E32B3C;
			remoteInfo = myPicolo;
		};
		7EEB32E320D6C68400E32B3C /* PBXContainerItemProxy */ = {
			isa = PBXContainerItemProxy;
			containerPortal = 7EEB32BB20D6C68100E32B3C /* Project object */;
			proxyType = 1;
			remoteGlobalIDString = 7EEB32C220D6C68100E32B3C;
			remoteInfo = myPicolo;
		};
/* End PBXContainerItemProxy section */

/* Begin PBXFileReference section */
		7EEB32C320D6C68100E32B3C /* myPicolo.app */ = {isa = PBXFileReference; explicitFileType = wrapper.application; includeInIndex = 0; path = myPicolo.app; sourceTree = BUILT_PRODUCTS_DIR; };
		7EEB32C620D6C68100E32B3C /* AppDelegate.swift */ = {isa = PBXFileReference; lastKnownFileType = sourcecode.swift; path = AppDelegate.swift; sourceTree = "<group>"; };
		7EEB32C820D6C68100E32B3C /* ViewController.swift */ = {isa = PBXFileReference; lastKnownFileType = sourcecode.swift; path = ViewController.swift; sourceTree = "<group>"; };
		7EEB32CB20D6C68100E32B3C /* Base */ = {isa = PBXFileReference; lastKnownFileType = file.storyboard; name = Base; path = Base.lproj/Main.storyboard; sourceTree = "<group>"; };
		7EEB32CD20D6C68400E32B3C /* Assets.xcassets */ = {isa = PBXFileReference; lastKnownFileType = folder.assetcatalog; path = Assets.xcassets; sourceTree = "<group>"; };
		7EEB32D020D6C68400E32B3C /* Base */ = {isa = PBXFileReference; lastKnownFileType = file.storyboard; name = Base; path = Base.lproj/LaunchScreen.storyboard; sourceTree = "<group>"; };
		7EEB32D220D6C68400E32B3C /* Info.plist */ = {isa = PBXFileReference; lastKnownFileType = text.plist.xml; path = Info.plist; sourceTree = "<group>"; };
		7EEB32D720D6C68400E32B3C /* myPicoloTests.xctest */ = {isa = PBXFileReference; explicitFileType = wrapper.cfbundle; includeInIndex = 0; path = myPicoloTests.xctest; sourceTree = BUILT_PRODUCTS_DIR; };
		7EEB32DB20D6C68400E32B3C /* myPicoloTests.swift */ = {isa = PBXFileReference; lastKnownFileType = sourcecode.swift; path = myPicoloTests.swift; sourceTree = "<group>"; };
		7EEB32DD20D6C68400E32B3C /* Info.plist */ = {isa = PBXFileReference; lastKnownFileType = text.plist.xml; path = Info.plist; sourceTree = "<group>"; };
		7EEB32E220D6C68400E32B3C /* myPicoloUITests.xctest */ = {isa = PBXFileReference; explicitFileType = wrapper.cfbundle; includeInIndex = 0; path = myPicoloUITests.xctest; sourceTree = BUILT_PRODUCTS_DIR; };
		7EEB32E620D6C68400E32B3C /* myPicoloUITests.swift */ = {isa = PBXFileReference; lastKnownFileType = sourcecode.swift; path = myPicoloUITests.swift; sourceTree = "<group>"; };
		7EEB32E820D6C68400E32B3C /* Info.plist */ = {isa = PBXFileReference; lastKnownFileType = text.plist.xml; path = Info.plist; sourceTree = "<group>"; };
/* End PBXFileReference section */

/* Begin PBXFrameworksBuildPhase section */
		7EEB32C020D6C68100E32B3C /* Frameworks */ = {
			isa = PBXFrameworksBuildPhase;
			buildActionMask = 2147483647;
			files = (
			);
			runOnlyForDeploymentPostprocessing = 0;
		};
		7EEB32D420D6C68400E32B3C /* Frameworks */ = {
			isa = PBXFrameworksBuildPhase;
			buildActionMask = 2147483647;
			files = (
			);
			runOnlyForDeploymentPostprocessing = 0;
		};
		7EEB32DF20D6C68400E32B3C /* Frameworks */ = {
			isa = PBXFrameworksBuildPhase;
			buildActionMask = 2147483647;
			files = (
			);
			runOnlyForDeploymentPostprocessing = 0;
		};
/* End PBXFrameworksBuildPhase section */

/* Begin PBXGroup section */
		7EEB32BA20D6C68100E32B3C = {
			isa = PBXGroup;
			children = (
				7EEB32C520D6C68100E32B3C /* myPicolo */,
				7EEB32DA20D6C68400E32B3C /* myPicoloTests */,
				7EEB32E520D6C68400E32B3C /* myPicoloUITests */,
				7EEB32C420D6C68100E32B3C /* Products */,
			);
			sourceTree = "<group>";
		};
		7EEB32C420D6C68100E32B3C /* Products */ = {
			isa = PBXGroup;
			children = (
				7EEB32C320D6C68100E32B3C /* myPicolo.app */,
				7EEB32D720D6C68400E32B3C /* myPicoloTests.xctest */,
				7EEB32E220D6C68400E32B3C /* myPicoloUITests.xctest */,
			);
			name = Products;
			sourceTree = "<group>";
		};
		7EEB32C520D6C68100E32B3C /* myPicolo */ = {
			isa = PBXGroup;
			children = (
				7EEB32C620D6C68100E32B3C /* AppDelegate.swift */,
				7EEB32C820D6C68100E32B3C /* ViewController.swift */,
				7EEB32CA20D6C68100E32B3C /* Main.storyboard */,
				7EEB32CD20D6C68400E32B3C /* Assets.xcassets */,
				7EEB32CF20D6C68400E32B3C /* LaunchScreen.storyboard */,
				7EEB32D220D6C68400E32B3C /* Info.plist */,
			);
			path = myPicolo;
			sourceTree = "<group>";
		};
		7EEB32DA20D6C68400E32B3C /* myPicoloTests */ = {
			isa = PBXGroup;
			children = (
				7EEB32DB20D6C68400E32B3C /* myPicoloTests.swift */,
				7EEB32DD20D6C68400E32B3C /* Info.plist */,
			);
			path = myPicoloTests;
			sourceTree = "<group>";
		};
		7EEB32E520D6C68400E32B3C /* myPicoloUITests */ = {
			isa = PBXGroup;
			children = (
				7EEB32E620D6C68400E32B3C /* myPicoloUITests.swift */,
				7EEB32E820D6C68400E32B3C /* Info.plist */,
			);
			path = myPicoloUITests;
			sourceTree = "<group>";
		};
/* End PBXGroup section */

/* Begin PBXNativeTarget section */
		7EEB32C220D6C68100E32B3C /* myPicolo */ = {
			isa = PBXNativeTarget;
			buildConfigurationList = 7EEB32EB20D6C68400E32B3C /* Build configuration list for PBXNativeTarget "myPicolo" */;
			buildPhases = (
				7EEB32BF20D6C68100E32B3C /* Sources */,
				7EEB32C020D6C68100E32B3C /* Frameworks */,
				7EEB32C120D6C68100E32B3C /* Resources */,
			);
			buildRules = (
			);
			dependencies = (
			);
			name = myPicolo;
			productName = myPicolo;
			productReference = 7EEB32C320D6C68100E32B3C /* myPicolo.app */;
			productType = "com.apple.product-type.application";
		};
		7EEB32D620D6C68400E32B3C /* myPicoloTests */ = {
			isa = PBXNativeTarget;
			buildConfigurationList = 7EEB32EE20D6C68400E32B3C /* Build configuration list for PBXNativeTarget "myPicoloTests" */;
			buildPhases = (
				7EEB32D320D6C68400E32B3C /* Sources */,
				7EEB32D420D6C68400E32B3C /* Frameworks */,
				7EEB32D520D6C68400E32B3C /* Resources */,
			);
			buildRules = (
			);
			dependencies = (
				7EEB32D920D6C68400E32B3C /* PBXTargetDependency */,
			);
			name = myPicoloTests;
			productName = myPicoloTests;
			productReference = 7EEB32D720D6C68400E32B3C /* myPicoloTests.xctest */;
			productType = "com.apple.product-type.bundle.unit-test";
		};
		7EEB32E120D6C68400E32B3C /* myPicoloUITests */ = {
			isa = PBXNativeTarget;
			buildConfigurationList = 7EEB32F120D6C68400E32B3C /* Build configuration list for PBXNativeTarget "myPicoloUITests" */;
			buildPhases = (
				7EEB32DE20D6C68400E32B3C /* Sources */,
				7EEB32DF20D6C68400E32B3C /* Frameworks */,
				7EEB32E020D6C68400E32B3C /* Resources */,
			);
			buildRules = (
			);
			dependencies = (
				7EEB32E420D6C68400E32B3C /* PBXTargetDependency */,
			);
			name = myPicoloUITests;
			productName = myPicoloUITests;
			productReference = 7EEB32E220D6C68400E32B3C /* myPicoloUITests.xctest */;
			productType = "com.apple.product-type.bundle.ui-testing";
		};
/* End PBXNativeTarget section */

/* Begin PBXProject section */
		7EEB32BB20D6C68100E32B3C /* Project object */ = {
			isa = PBXProject;
			attributes = {
				LastSwiftUpdateCheck = 0940;
				LastUpgradeCheck = 0940;
				ORGANIZATIONNAME = "Heath Rusby";
				TargetAttributes = {
					7EEB32C220D6C68100E32B3C = {
						CreatedOnToolsVersion = 9.4.1;
					};
					7EEB32D620D6C68400E32B3C = {
						CreatedOnToolsVersion = 9.4.1;
						TestTargetID = 7EEB32C220D6C68100E32B3C;
					};
					7EEB32E120D6C68400E32B3C = {
						CreatedOnToolsVersion = 9.4.1;
						TestTargetID = 7EEB32C220D6C68100E32B3C;
					};
				};
			};
			buildConfigurationList = 7EEB32BE20D6C68100E32B3C /* Build configuration list for PBXProject "myPicolo" */;
			compatibilityVersion = "Xcode 9.3";
			developmentRegion = en;
			hasScannedForEncodings = 0;
			knownRegions = (
				en,
				Base,
			);
			mainGroup = 7EEB32BA20D6C68100E32B3C;
			productRefGroup = 7EEB32C420D6C68100E32B3C /* Products */;
			projectDirPath = "";
			projectRoot = "";
			targets = (
				7EEB32C220D6C68100E32B3C /* myPicolo */,
				7EEB32D620D6C68400E32B3C /* myPicoloTests */,
				7EEB32E120D6C68400E32B3C /* myPicoloUITests */,
			);
		};
/* End PBXProject section */

/* Begin PBXResourcesBuildPhase section */
		7EEB32C120D6C68100E32B3C /* Resources */ = {
			isa = PBXResourcesBuildPhase;
			buildActionMask = 2147483647;
			files = (
				7EEB32D120D6C68400E32B3C /* LaunchScreen.storyboard in Resources */,
				7EEB32CE20D6C68400E32B3C /* Assets.xcassets in Resources */,
				7EEB32CC20D6C68100E32B3C /* Main.storyboard in Resources */,
			);
			runOnlyForDeploymentPostprocessing = 0;
		};
		7EEB32D520D6C68400E32B3C /* Resources */ = {
			isa = PBXResourcesBuildPhase;
			buildActionMask = 2147483647;
			files = (
			);
			runOnlyForDeploymentPostprocessing = 0;
		};
		7EEB32E020D6C68400E32B3C /* Resources */ = {
			isa = PBXResourcesBuildPhase;
			buildActionMask = 2147483647;
			files = (
			);
			runOnlyForDeploymentPostprocessing = 0;
		};
/* End PBXResourcesBuildPhase section */

/* Begin PBXSourcesBuildPhase section */
		7EEB32BF20D6C68100E32B3C /* Sources */ = {
			isa = PBXSourcesBuildPhase;
			buildActionMask = 2147483647;
			files = (
				7EEB32C920D6C68100E32B3C /* ViewController.swift in Sources */,
				7EEB32C720D6C68100E32B3C /* AppDelegate.swift in Sources */,
			);
			runOnlyForDeploymentPostprocessing = 0;
		};
		7EEB32D320D6C68400E32B3C /* Sources */ = {
			isa = PBXSourcesBuildPhase;
			buildActionMask = 2147483647;
			files = (
				7EEB32DC20D6C68400E32B3C /* myPicoloTests.swift in Sources */,
			);
			runOnlyForDeploymentPostprocessing = 0;
		};
		7EEB32DE20D6C68400E32B3C /* Sources */ = {
			isa = PBXSourcesBuildPhase;
			buildActionMask = 2147483647;
			files = (
				7EEB32E720D6C68400E32B3C /* myPicoloUITests.swift in Sources */,
			);
			runOnlyForDeploymentPostprocessing = 0;
		};
/* End PBXSourcesBuildPhase section */

/* Begin PBXTargetDependency section */
		7EEB32D920D6C68400E32B3C /* PBXTargetDependency */ = {
			isa = PBXTargetDependency;
			target = 7EEB32C220D6C68100E32B3C /* myPicolo */;
			targetProxy = 7EEB32D820D6C68400E32B3C /* PBXContainerItemProxy */;
		};
		7EEB32E420D6C68400E32B3C /* PBXTargetDependency */ = {
			isa = PBXTargetDependency;
			target = 7EEB32C220D6C68100E32B3C /* myPicolo */;
			targetProxy = 7EEB32E320D6C68400E32B3C /* PBXContainerItemProxy */;
		};
/* End PBXTargetDependency section */

/* Begin PBXVariantGroup section */
		7EEB32CA20D6C68100E32B3C /* Main.storyboard */ = {
			isa = PBXVariantGroup;
			children = (
				7EEB32CB20D6C68100E32B3C /* Base */,
			);
			name = Main.storyboard;
			sourceTree = "<group>";
		};
		7EEB32CF20D6C68400E32B3C /* LaunchScreen.storyboard */ = {
			isa = PBXVariantGroup;
			children = (
				7EEB32D020D6C68400E32B3C /* Base */,
			);
			name = LaunchScreen.storyboard;
			sourceTree = "<group>";
		};
/* End PBXVariantGroup section */

/* Begin XCBuildConfiguration section */
		7EEB32E920D6C68400E32B3C /* Debug */ = {
			isa = XCBuildConfiguration;
			buildSettings = {
				ALWAYS_SEARCH_USER_PATHS = NO;
				CLANG_ANALYZER_NONNULL = YES;
				CLANG_ANALYZER_NUMBER_OBJECT_CONVERSION = YES_AGGRESSIVE;
				CLANG_CXX_LANGUAGE_STANDARD = "gnu++14";
				CLANG_CXX_LIBRARY = "libc++";
				CLANG_ENABLE_MODULES = YES;
				CLANG_ENABLE_OBJC_ARC = YES;
				CLANG_ENABLE_OBJC_WEAK = YES;
				CLANG_WARN_BLOCK_CAPTURE_AUTORELEASING = YES;
				CLANG_WARN_BOOL_CONVERSION = YES;
				CLANG_WARN_COMMA = YES;
				CLANG_WARN_CONSTANT_CONVERSION = YES;
				CLANG_WARN_DEPRECATED_OBJC_IMPLEMENTATIONS = YES;
				CLANG_WARN_DIRECT_OBJC_ISA_USAGE = YES_ERROR;
				CLANG_WARN_DOCUMENTATION_COMMENTS = YES;
				CLANG_WARN_EMPTY_BODY = YES;
				CLANG_WARN_ENUM_CONVERSION = YES;
				CLANG_WARN_INFINITE_RECURSION = YES;
				CLANG_WARN_INT_CONVERSION = YES;
				CLANG_WARN_NON_LITERAL_NULL_CONVERSION = YES;
				CLANG_WARN_OBJC_IMPLICIT_RETAIN_SELF = YES;
				CLANG_WARN_OBJC_LITERAL_CONVERSION = YES;
				CLANG_WARN_OBJC_ROOT_CLASS = YES_ERROR;
				CLANG_WARN_RANGE_LOOP_ANALYSIS = YES;
				CLANG_WARN_STRICT_PROTOTYPES = YES;
				CLANG_WARN_SUSPICIOUS_MOVE = YES;
				CLANG_WARN_UNGUARDED_AVAILABILITY = YES_AGGRESSIVE;
				CLANG_WARN_UNREACHABLE_CODE = YES;
				CLANG_WARN__DUPLICATE_METHOD_MATCH = YES;
				CODE_SIGN_IDENTITY = "iPhone Developer";
				COPY_PHASE_STRIP = NO;
				DEBUG_INFORMATION_FORMAT = dwarf;
				ENABLE_STRICT_OBJC_MSGSEND = YES;
				ENABLE_TESTABILITY = YES;
				GCC_C_LANGUAGE_STANDARD = gnu11;
				GCC_DYNAMIC_NO_PIC = NO;
				GCC_NO_COMMON_BLOCKS = YES;
				GCC_OPTIMIZATION_LEVEL = 0;
				GCC_PREPROCESSOR_DEFINITIONS = (
					"DEBUG=1",
					"$(inherited)",
				);
				GCC_WARN_64_TO_32_BIT_CONVERSION = YES;
				GCC_WARN_ABOUT_RETURN_TYPE = YES_ERROR;
				GCC_WARN_UNDECLARED_SELECTOR = YES;
				GCC_WARN_UNINITIALIZED_AUTOS = YES_AGGRESSIVE;
				GCC_WARN_UNUSED_FUNCTION = YES;
				GCC_WARN_UNUSED_VARIABLE = YES;
				IPHONEOS_DEPLOYMENT_TARGET = 11.4;
				MTL_ENABLE_DEBUG_INFO = YES;
				ONLY_ACTIVE_ARCH = YES;
				SDKROOT = iphoneos;
				SWIFT_ACTIVE_COMPILATION_CONDITIONS = DEBUG;
				SWIFT_OPTIMIZATION_LEVEL = "-Onone";
			};
			name = Debug;
		};
		7EEB32EA20D6C68400E32B3C /* Release */ = {
			isa = XCBuildConfiguration;
			buildSettings = {
				ALWAYS_SEARCH_USER_PATHS = NO;
				CLANG_ANALYZER_NONNULL = YES;
				CLANG_ANALYZER_NUMBER_OBJECT_CONVERSION = YES_AGGRESSIVE;
				CLANG_CXX_LANGUAGE_STANDARD = "gnu++14";
				CLANG_CXX_LIBRARY = "libc++";
				CLANG_ENABLE_MODULES = YES;
				CLANG_ENABLE_OBJC_ARC = YES;
				CLANG_ENABLE_OBJC_WEAK = YES;
				CLANG_WARN_BLOCK_CAPTURE_AUTORELEASING = YES;
				CLANG_WARN_BOOL_CONVERSION = YES;
				CLANG_WARN_COMMA = YES;
				CLANG_WARN_CONSTANT_CONVERSION = YES;
				CLANG_WARN_DEPRECATED_OBJC_IMPLEMENTATIONS = YES;
				CLANG_WARN_DIRECT_OBJC_ISA_USAGE = YES_ERROR;
				CLANG_WARN_DOCUMENTATION_COMMENTS = YES;
				CLANG_WARN_EMPTY_BODY = YES;
				CLANG_WARN_ENUM_CONVERSION = YES;
				CLANG_WARN_INFINITE_RECURSION = YES;
				CLANG_WARN_INT_CONVERSION = YES;
				CLANG_WARN_NON_LITERAL_NULL_CONVERSION = YES;
				CLANG_WARN_OBJC_IMPLICIT_RETAIN_SELF = YES;
				CLANG_WARN_OBJC_LITERAL_CONVERSION = YES;
				CLANG_WARN_OBJC_ROOT_CLASS = YES_ERROR;
				CLANG_WARN_RANGE_LOOP_ANALYSIS = YES;
				CLANG_WARN_STRICT_PROTOTYPES = YES;
				CLANG_WARN_SUSPICIOUS_MOVE = YES;
				CLANG_WARN_UNGUARDED_AVAILABILITY = YES_AGGRESSIVE;
				CLANG_WARN_UNREACHABLE_CODE = YES;
				CLANG_WARN__DUPLICATE_METHOD_MATCH = YES;
				CODE_SIGN_IDENTITY = "iPhone Developer";
				COPY_PHASE_STRIP = NO;
				DEBUG_INFORMATION_FORMAT = "dwarf-with-dsym";
				ENABLE_NS_ASSERTIONS = NO;
				ENABLE_STRICT_OBJC_MSGSEND = YES;
				GCC_C_LANGUAGE_STANDARD = gnu11;
				GCC_NO_COMMON_BLOCKS = YES;
				GCC_WARN_64_TO_32_BIT_CONVERSION = YES;
				GCC_WARN_ABOUT_RETURN_TYPE = YES_ERROR;
				GCC_WARN_UNDECLARED_SELECTOR = YES;
				GCC_WARN_UNINITIALIZED_AUTOS = YES_AGGRESSIVE;
				GCC_WARN_UNUSED_FUNCTION = YES;
				GCC_WARN_UNUSED_VARIABLE = YES;
				IPHONEOS_DEPLOYMENT_TARGET = 11.4;
				MTL_ENABLE_DEBUG_INFO = NO;
				SDKROOT = iphoneos;
				SWIFT_COMPILATION_MODE = wholemodule;
				SWIFT_OPTIMIZATION_LEVEL = "-O";
				VALIDATE_PRODUCT = YES;
			};
			name = Release;
		};
		7EEB32EC20D6C68400E32B3C /* Debug */ = {
			isa = XCBuildConfiguration;
			buildSettings = {
				ASSETCATALOG_COMPILER_APPICON_NAME = AppIcon;
				CODE_SIGN_STYLE = Automatic;
				INFOPLIST_FILE = myPicolo/Info.plist;
				LD_RUNPATH_SEARCH_PATHS = (
					"$(inherited)",
					"@executable_path/Frameworks",
				);
				PRODUCT_BUNDLE_IDENTIFIER = HRUS.myPicolo;
				PRODUCT_NAME = "$(TARGET_NAME)";
				SWIFT_VERSION = 4.0;
				TARGETED_DEVICE_FAMILY = "1,2";
			};
			name = Debug;
		};
		7EEB32ED20D6C68400E32B3C /* Release */ = {
			isa = XCBuildConfiguration;
			buildSettings = {
				ASSETCATALOG_COMPILER_APPICON_NAME = AppIcon;
				CODE_SIGN_STYLE = Automatic;
				INFOPLIST_FILE = myPicolo/Info.plist;
				LD_RUNPATH_SEARCH_PATHS = (
					"$(inherited)",
					"@executable_path/Frameworks",
				);
				PRODUCT_BUNDLE_IDENTIFIER = HRUS.myPicolo;
				PRODUCT_NAME = "$(TARGET_NAME)";
				SWIFT_VERSION = 4.0;
				TARGETED_DEVICE_FAMILY = "1,2";
			};
			name = Release;
		};
		7EEB32EF20D6C68400E32B3C /* Debug */ = {
			isa = XCBuildConfiguration;
			buildSettings = {
				ALWAYS_EMBED_SWIFT_STANDARD_LIBRARIES = YES;
				BUNDLE_LOADER = "$(TEST_HOST)";
				CODE_SIGN_STYLE = Automatic;
				INFOPLIST_FILE = myPicoloTests/Info.plist;
				LD_RUNPATH_SEARCH_PATHS = (
					"$(inherited)",
					"@executable_path/Frameworks",
					"@loader_path/Frameworks",
				);
				PRODUCT_BUNDLE_IDENTIFIER = HRUS.myPicoloTests;
				PRODUCT_NAME = "$(TARGET_NAME)";
				SWIFT_VERSION = 4.0;
				TARGETED_DEVICE_FAMILY = "1,2";
				TEST_HOST = "$(BUILT_PRODUCTS_DIR)/myPicolo.app/myPicolo";
			};
			name = Debug;
		};
		7EEB32F020D6C68400E32B3C /* Release */ = {
			isa = XCBuildConfiguration;
			buildSettings = {
				ALWAYS_EMBED_SWIFT_STANDARD_LIBRARIES = YES;
				BUNDLE_LOADER = "$(TEST_HOST)";
				CODE_SIGN_STYLE = Automatic;
				INFOPLIST_FILE = myPicoloTests/Info.plist;
				LD_RUNPATH_SEARCH_PATHS = (
					"$(inherited)",
					"@executable_path/Frameworks",
					"@loader_path/Frameworks",
				);
				PRODUCT_BUNDLE_IDENTIFIER = HRUS.myPicoloTests;
				PRODUCT_NAME = "$(TARGET_NAME)";
				SWIFT_VERSION = 4.0;
				TARGETED_DEVICE_FAMILY = "1,2";
				TEST_HOST = "$(BUILT_PRODUCTS_DIR)/myPicolo.app/myPicolo";
			};
			name = Release;
		};
		7EEB32F220D6C68400E32B3C /* Debug */ = {
			isa = XCBuildConfiguration;
			buildSettings = {
				ALWAYS_EMBED_SWIFT_STANDARD_LIBRARIES = YES;
				CODE_SIGN_STYLE = Automatic;
				INFOPLIST_FILE = myPicoloUITests/Info.plist;
				LD_RUNPATH_SEARCH_PATHS = (
					"$(inherited)",
					"@executable_path/Frameworks",
					"@loader_path/Frameworks",
				);
				PRODUCT_BUNDLE_IDENTIFIER = HRUS.myPicoloUITests;
				PRODUCT_NAME = "$(TARGET_NAME)";
				SWIFT_VERSION = 4.0;
				TARGETED_DEVICE_FAMILY = "1,2";
				TEST_TARGET_NAME = myPicolo;
			};
			name = Debug;
		};
		7EEB32F320D6C68400E32B3C /* Release */ = {
			isa = XCBuildConfiguration;
			buildSettings = {
				ALWAYS_EMBED_SWIFT_STANDARD_LIBRARIES = YES;
				CODE_SIGN_STYLE = Automatic;
				INFOPLIST_FILE = myPicoloUITests/Info.plist;
				LD_RUNPATH_SEARCH_PATHS = (
					"$(inherited)",
					"@executable_path/Frameworks",
					"@loader_path/Frameworks",
				);
				PRODUCT_BUNDLE_IDENTIFIER = HRUS.myPicoloUITests;
				PRODUCT_NAME = "$(TARGET_NAME)";
				SWIFT_VERSION = 4.0;
				TARGETED_DEVICE_FAMILY = "1,2";
				TEST_TARGET_NAME = myPicolo;
			};
			name = Release;
		};
/* End XCBuildConfiguration section */

/* Begin XCConfigurationList section */
		7EEB32BE20D6C68100E32B3C /* Build configuration list for PBXProject "myPicolo" */ = {
			isa = XCConfigurationList;
			buildConfigurations = (
				7EEB32E920D6C68400E32B3C /* Debug */,
				7EEB32EA20D6C68400E32B3C /* Release */,
			);
			defaultConfigurationIsVisible = 0;
			defaultConfigurationName = Release;
		};
		7EEB32EB20D6C68400E32B3C /* Build configuration list for PBXNativeTarget "myPicolo" */ = {
			isa = XCConfigurationList;
			buildConfigurations = (
				7EEB32EC20D6C68400E32B3C /* Debug */,
				7EEB32ED20D6C68400E32B3C /* Release */,
			);
			defaultConfigurationIsVisible = 0;
			defaultConfigurationName = Release;
		};
		7EEB32EE20D6C68400E32B3C /* Build configuration list for PBXNativeTarget "myPicoloTests" */ = {
			isa = XCConfigurationList;
			buildConfigurations = (
				7EEB32EF20D6C68400E32B3C /* Debug */,
				7EEB32F020D6C68400E32B3C /* Release */,
			);
			defaultConfigurationIsVisible = 0;
			defaultConfigurationName = Release;
		};
		7EEB32F120D6C68400E32B3C /* Build configuration list for PBXNativeTarget "myPicoloUITests" */ = {
			isa = XCConfigurationList;
			buildConfigurations = (
				7EEB32F220D6C68400E32B3C /* Debug */,
				7EEB32F320D6C68400E32B3C /* Release */,
			);
			defaultConfigurationIsVisible = 0;
			defaultConfigurationName = Release;
		};
/* End XCConfigurationList section */
	};
	rootObject = 7EEB32BB20D6C68100E32B3C /* Project object */;
}
